
Microsoft Visual Studio Solution File, Format Version 12.00
# Visual Studio Version 17
VisualStudioVersion = 17.0.31903.59
MinimumVisualStudioVersion = 10.0.40219.1
Project("{FAE04EC0-301F-11D3-BF4B-00C04F79EFBC}") = "Contesting", "Contesting\Contesting.csproj", "{6AABC7BF-0304-493C-92ED-44D1267AF3CF}"
EndProject
Project("{FAE04EC0-301F-11D3-BF4B-00C04F79EFBC}") = "Contesting.Core", "Contesting.Core\Contesting.Core.csproj", "{1E211144-A993-48FA-963F-9A613D18E9B7}"
EndProject
Project("{FAE04EC0-301F-11D3-BF4B-00C04F79EFBC}") = "Contesting.Tests", "Contesting.Tests\Contesting.Tests.csproj", "{2AD75E53-862C-4A2D-B219-552C1359A3C3}"
EndProject
Global
	GlobalSection(SolutionConfigurationPlatforms) = preSolution
		Debug|Any CPU = Debug|Any CPU
		Release|Any CPU = Release|Any CPU
	EndGlobalSection
	GlobalSection(SolutionProperties) = preSolution
		HideSolutionNode = FALSE
	EndGlobalSection
	GlobalSection(ProjectConfigurationPlatforms) = postSolution
		{6AABC7BF-0304-493C-92ED-44D1267AF3CF}.Debug|Any CPU.ActiveCfg = Debug|Any CPU
		{6AABC7BF-0304-493C-92ED-44D1267AF3CF}.Debug|Any CPU.Build.0 = Debug|Any CPU
		{6AABC7BF-0304-493C-92ED-44D1267AF3CF}.Release|Any CPU.ActiveCfg = Release|Any CPU
		{6AABC7BF-0304-493C-92ED-44D1267AF3CF}.Release|Any CPU.Build.0 = Release|Any CPU
		{1E211144-A993-48FA-963F-9A613D18E9B7}.Debug|Any CPU.ActiveCfg = Debug|Any CPU
		{1E211144-A993-48FA-963F-9A613D18E9B7}.Debug|Any CPU.Build.0 = Debug|Any CPU
		{1E211144-A993-48FA-963F-9A613D18E9B7}.Release|Any CPU.ActiveCfg = Release|Any CPU
		{1E211144-A993-48FA-963F-9A613D18E9B7}.Release|Any CPU.Build.0 = Release|Any CPU
		{2AD75E53-862C-4A2D-B219-552C1359A3C3}.Debug|Any CPU.ActiveCfg = Debug|Any CPU
		{2AD75E53-862C-4A2D-B219-552C1359A3C3}.Debug|Any CPU.Build.0 = Debug|Any CPU
		{2AD75E53-862C-4A2D-B219-552C1359A3C3}.Release|Any CPU.ActiveCfg = Release|Any CPU
		{2AD75E53-862C-4A2D-B219-552C1359A3C3}.Release|Any CPU.Build.0 = Release|Any CPU
	EndGlobalSection
EndGlobal
